
Microsoft Visual Studio Solution File, Format Version 12.00
# Visual Studio Version 16
VisualStudioVersion = 16.0.31729.503
MinimumVisualStudioVersion = 10.0.40219.1
Project("{FAE04EC0-301F-11D3-BF4B-00C04F79EFBC}") = "sw", "sw\sw.csproj", "{B113980A-5712-4A5A-83A8-D814A9F0D363}"
EndProject
Global
	GlobalSection(SolutionConfigurationPlatforms) = preSolution
		Debug|Any CPU = Debug|Any CPU
		Release|Any CPU = Release|Any CPU
	EndGlobalSection
	GlobalSection(ProjectConfigurationPlatforms) = postSolution
		{B113980A-5712-4A5A-83A8-D814A9F0D363}.Debug|Any CPU.ActiveCfg = Debug|Any CPU
		{B113980A-5712-4A5A-83A8-D814A9F0D363}.Debug|Any CPU.Build.0 = Debug|Any CPU
		{B113980A-5712-4A5A-83A8-D814A9F0D363}.Release|Any CPU.ActiveCfg = Release|Any CPU
		{B113980A-5712-4A5A-83A8-D814A9F0D363}.Release|Any CPU.Build.0 = Release|Any CPU
	EndGlobalSection
	GlobalSection(SolutionProperties) = preSolution
		HideSolutionNode = FALSE
	EndGlobalSection
	GlobalSection(ExtensibilityGlobals) = postSolution
		SolutionGuid = {82BA6AF0-F6E0-409D-9FB6-972AD317DA4A}
	EndGlobalSection
EndGlobal
